// !$*UTF8*$!
{
	archiveVersion = 1;
	classes = {
	};
	objectVersion = 46;
	objects = {

/* Begin PBXBuildFile section */
		043C5A6F1CBAB7BB0087A7D0 /* FBSDKCoreKit.framework in Frameworks */ = {isa = PBXBuildFile; fileRef = 043C5A6C1CBAB7BB0087A7D0 /* FBSDKCoreKit.framework */; };
		043C5A701CBAB7BB0087A7D0 /* FBSDKLoginKit.framework in Frameworks */ = {isa = PBXBuildFile; fileRef = 043C5A6D1CBAB7BB0087A7D0 /* FBSDKLoginKit.framework */; };
		043C5A711CBAB7BB0087A7D0 /* FBSDKShareKit.framework in Frameworks */ = {isa = PBXBuildFile; fileRef = 043C5A6E1CBAB7BB0087A7D0 /* FBSDKShareKit.framework */; };
		04F8E8361CCB307E002A47E5 /* Social.framework in Frameworks */ = {isa = PBXBuildFile; fileRef = 04F8E8351CCB307E002A47E5 /* Social.framework */; };
		04F8E8381CCB6BC2002A47E5 /* SCLAlertView.swift in Sources */ = {isa = PBXBuildFile; fileRef = 04F8E8371CCB6BC2002A47E5 /* SCLAlertView.swift */; };
		2451D9941CC4FC61005923DD /* EUILabel.swift in Sources */ = {isa = PBXBuildFile; fileRef = 2451D9931CC4FC61005923DD /* EUILabel.swift */; };
		9444B5711CC413B20058B2CB /* PlayerView.swift in Sources */ = {isa = PBXBuildFile; fileRef = 9444B5701CC413B20058B2CB /* PlayerView.swift */; };
		9444B5731CC413B90058B2CB /* MapHelper.swift in Sources */ = {isa = PBXBuildFile; fileRef = 9444B5721CC413B90058B2CB /* MapHelper.swift */; };
		9444B5751CC413C00058B2CB /* JobService.swift in Sources */ = {isa = PBXBuildFile; fileRef = 9444B5741CC413C00058B2CB /* JobService.swift */; };
		9444B5771CC413CB0058B2CB /* BootcampAnnotation.swift in Sources */ = {isa = PBXBuildFile; fileRef = 9444B5761CC413CB0058B2CB /* BootcampAnnotation.swift */; };
		9444B5791CC413D20058B2CB /* Facebook.swift in Sources */ = {isa = PBXBuildFile; fileRef = 9444B5781CC413D20058B2CB /* Facebook.swift */; };
		9444B57B1CC414430058B2CB /* Constants.swift in Sources */ = {isa = PBXBuildFile; fileRef = 9444B57A1CC414430058B2CB /* Constants.swift */; };
		9444B57D1CC414480058B2CB /* EAVPlayer.swift in Sources */ = {isa = PBXBuildFile; fileRef = 9444B57C1CC414480058B2CB /* EAVPlayer.swift */; };
		9444B57F1CC4149F0058B2CB /* Card.swift in Sources */ = {isa = PBXBuildFile; fileRef = 9444B57E1CC4149F0058B2CB /* Card.swift */; };
		94791B841CBA82B00096E020 /* RecordJobViewController.swift in Sources */ = {isa = PBXBuildFile; fileRef = 94791B831CBA82B00096E020 /* RecordJobViewController.swift */; };
		94791B861CBA89F40096E020 /* JobCollectionViewCell.swift in Sources */ = {isa = PBXBuildFile; fileRef = 94791B851CBA89F40096E020 /* JobCollectionViewCell.swift */; };
		94791B881CBA8AFB0096E020 /* CategoryTableViewCell.swift in Sources */ = {isa = PBXBuildFile; fileRef = 94791B871CBA8AFB0096E020 /* CategoryTableViewCell.swift */; };
		94791B8A1CBA90FD0096E020 /* ViewVideoViewController.swift in Sources */ = {isa = PBXBuildFile; fileRef = 94791B891CBA90FD0096E020 /* ViewVideoViewController.swift */; };
		947E03D01CC4127C0081682A /* JobsViewController.swift in Sources */ = {isa = PBXBuildFile; fileRef = 947E03CF1CC4127C0081682A /* JobsViewController.swift */; };
		9498797E1CB4A69300219AD4 /* AppDelegate.swift in Sources */ = {isa = PBXBuildFile; fileRef = 9498797D1CB4A69300219AD4 /* AppDelegate.swift */; };
		949879801CB4A69300219AD4 /* WelcomeViewController.swift in Sources */ = {isa = PBXBuildFile; fileRef = 9498797F1CB4A69300219AD4 /* WelcomeViewController.swift */; };
		949879831CB4A69300219AD4 /* Main.storyboard in Resources */ = {isa = PBXBuildFile; fileRef = 949879811CB4A69300219AD4 /* Main.storyboard */; };
		949879851CB4A69300219AD4 /* Assets.xcassets in Resources */ = {isa = PBXBuildFile; fileRef = 949879841CB4A69300219AD4 /* Assets.xcassets */; };
		949879881CB4A69300219AD4 /* LaunchScreen.storyboard in Resources */ = {isa = PBXBuildFile; fileRef = 949879861CB4A69300219AD4 /* LaunchScreen.storyboard */; };
		949879911CB4A6F200219AD4 /* README.md in Sources */ = {isa = PBXBuildFile; fileRef = 9498798F1CB4A6F200219AD4 /* README.md */; };
		949879921CB4A6F200219AD4 /* ui.png in Resources */ = {isa = PBXBuildFile; fileRef = 949879901CB4A6F200219AD4 /* ui.png */; };
		94E4E0D41CB6985A0090061E /* LoginViewController.swift in Sources */ = {isa = PBXBuildFile; fileRef = 94E4E0D31CB6985A0090061E /* LoginViewController.swift */; };
		94E4E0D61CB6986E0090061E /* NewUserViewController.swift in Sources */ = {isa = PBXBuildFile; fileRef = 94E4E0D51CB6986E0090061E /* NewUserViewController.swift */; };
		94E4E0DA1CB6994A0090061E /* CategoryViewController.swift in Sources */ = {isa = PBXBuildFile; fileRef = 94E4E0D91CB6994A0090061E /* CategoryViewController.swift */; };
		94E4E0DC1CB699670090061E /* PostJobViewController.swift in Sources */ = {isa = PBXBuildFile; fileRef = 94E4E0DB1CB699670090061E /* PostJobViewController.swift */; };
		94E4E0DE1CB699AC0090061E /* JobDetailViewController.swift in Sources */ = {isa = PBXBuildFile; fileRef = 94E4E0DD1CB699AC0090061E /* JobDetailViewController.swift */; };
		94E4E0E01CB699C60090061E /* UserDetailViewController.swift in Sources */ = {isa = PBXBuildFile; fileRef = 94E4E0DF1CB699C60090061E /* UserDetailViewController.swift */; };
		94E4E0E31CB69F6F0090061E /* User.swift in Sources */ = {isa = PBXBuildFile; fileRef = 94E4E0E21CB69F6F0090061E /* User.swift */; };
		94E4E0E51CB6A6240090061E /* Job.swift in Sources */ = {isa = PBXBuildFile; fileRef = 94E4E0E41CB6A6240090061E /* Job.swift */; };
		DFA01F2C9DC937E52ADA7062 /* Pods_SwiftFinalProject.framework in Frameworks */ = {isa = PBXBuildFile; fileRef = 16CA3826450FD903C8E05560 /* Pods_SwiftFinalProject.framework */; };
/* End PBXBuildFile section */

/* Begin PBXFileReference section */
		043C5A6C1CBAB7BB0087A7D0 /* FBSDKCoreKit.framework */ = {isa = PBXFileReference; lastKnownFileType = wrapper.framework; path = FBSDKCoreKit.framework; sourceTree = "<group>"; };
		043C5A6D1CBAB7BB0087A7D0 /* FBSDKLoginKit.framework */ = {isa = PBXFileReference; lastKnownFileType = wrapper.framework; path = FBSDKLoginKit.framework; sourceTree = "<group>"; };
		043C5A6E1CBAB7BB0087A7D0 /* FBSDKShareKit.framework */ = {isa = PBXFileReference; lastKnownFileType = wrapper.framework; path = FBSDKShareKit.framework; sourceTree = "<group>"; };
		043C5A731CBAB91D0087A7D0 /* SwiftFinalProject-Bridging-Header.h */ = {isa = PBXFileReference; lastKnownFileType = sourcecode.c.h; path = "SwiftFinalProject-Bridging-Header.h"; sourceTree = "<group>"; };
		04F8E8351CCB307E002A47E5 /* Social.framework */ = {isa = PBXFileReference; lastKnownFileType = wrapper.framework; name = Social.framework; path = System/Library/Frameworks/Social.framework; sourceTree = SDKROOT; };
		04F8E8371CCB6BC2002A47E5 /* SCLAlertView.swift */ = {isa = PBXFileReference; fileEncoding = 4; lastKnownFileType = sourcecode.swift; path = SCLAlertView.swift; sourceTree = "<group>"; };
		16CA3826450FD903C8E05560 /* Pods_SwiftFinalProject.framework */ = {isa = PBXFileReference; explicitFileType = wrapper.framework; includeInIndex = 0; path = Pods_SwiftFinalProject.framework; sourceTree = BUILT_PRODUCTS_DIR; };
		2451D9931CC4FC61005923DD /* EUILabel.swift */ = {isa = PBXFileReference; fileEncoding = 4; lastKnownFileType = sourcecode.swift; path = EUILabel.swift; sourceTree = "<group>"; };
		3F958F0BD1E603FEB1A75290 /* Pods-SwiftFinalProject.debug.xcconfig */ = {isa = PBXFileReference; includeInIndex = 1; lastKnownFileType = text.xcconfig; name = "Pods-SwiftFinalProject.debug.xcconfig"; path = "Pods/Target Support Files/Pods-SwiftFinalProject/Pods-SwiftFinalProject.debug.xcconfig"; sourceTree = "<group>"; };
		9444B5701CC413B20058B2CB /* PlayerView.swift */ = {isa = PBXFileReference; fileEncoding = 4; lastKnownFileType = sourcecode.swift; path = PlayerView.swift; sourceTree = "<group>"; };
		9444B5721CC413B90058B2CB /* MapHelper.swift */ = {isa = PBXFileReference; fileEncoding = 4; lastKnownFileType = sourcecode.swift; path = MapHelper.swift; sourceTree = "<group>"; };
		9444B5741CC413C00058B2CB /* JobService.swift */ = {isa = PBXFileReference; fileEncoding = 4; lastKnownFileType = sourcecode.swift; path = JobService.swift; sourceTree = "<group>"; };
		9444B5761CC413CB0058B2CB /* BootcampAnnotation.swift */ = {isa = PBXFileReference; fileEncoding = 4; lastKnownFileType = sourcecode.swift; path = BootcampAnnotation.swift; sourceTree = "<group>"; };
		9444B5781CC413D20058B2CB /* Facebook.swift */ = {isa = PBXFileReference; fileEncoding = 4; lastKnownFileType = sourcecode.swift; path = Facebook.swift; sourceTree = "<group>"; };
		9444B57A1CC414430058B2CB /* Constants.swift */ = {isa = PBXFileReference; fileEncoding = 4; lastKnownFileType = sourcecode.swift; path = Constants.swift; sourceTree = "<group>"; };
		9444B57C1CC414480058B2CB /* EAVPlayer.swift */ = {isa = PBXFileReference; fileEncoding = 4; lastKnownFileType = sourcecode.swift; path = EAVPlayer.swift; sourceTree = "<group>"; };
		9444B57E1CC4149F0058B2CB /* Card.swift */ = {isa = PBXFileReference; fileEncoding = 4; lastKnownFileType = sourcecode.swift; path = Card.swift; sourceTree = "<group>"; };
		94791B831CBA82B00096E020 /* RecordJobViewController.swift */ = {isa = PBXFileReference; fileEncoding = 4; lastKnownFileType = sourcecode.swift; path = RecordJobViewController.swift; sourceTree = "<group>"; };
		94791B851CBA89F40096E020 /* JobCollectionViewCell.swift */ = {isa = PBXFileReference; fileEncoding = 4; lastKnownFileType = sourcecode.swift; path = JobCollectionViewCell.swift; sourceTree = "<group>"; };
		94791B871CBA8AFB0096E020 /* CategoryTableViewCell.swift */ = {isa = PBXFileReference; fileEncoding = 4; lastKnownFileType = sourcecode.swift; path = CategoryTableViewCell.swift; sourceTree = "<group>"; };
		94791B891CBA90FD0096E020 /* ViewVideoViewController.swift */ = {isa = PBXFileReference; fileEncoding = 4; lastKnownFileType = sourcecode.swift; path = ViewVideoViewController.swift; sourceTree = "<group>"; };
		947E03CF1CC4127C0081682A /* JobsViewController.swift */ = {isa = PBXFileReference; fileEncoding = 4; lastKnownFileType = sourcecode.swift; path = JobsViewController.swift; sourceTree = "<group>"; };
		9498797A1CB4A69300219AD4 /* SwiftFinalProject.app */ = {isa = PBXFileReference; explicitFileType = wrapper.application; includeInIndex = 0; path = SwiftFinalProject.app; sourceTree = BUILT_PRODUCTS_DIR; };
		9498797D1CB4A69300219AD4 /* AppDelegate.swift */ = {isa = PBXFileReference; lastKnownFileType = sourcecode.swift; path = AppDelegate.swift; sourceTree = "<group>"; };
		9498797F1CB4A69300219AD4 /* WelcomeViewController.swift */ = {isa = PBXFileReference; lastKnownFileType = sourcecode.swift; path = WelcomeViewController.swift; sourceTree = "<group>"; };
		949879821CB4A69300219AD4 /* Base */ = {isa = PBXFileReference; lastKnownFileType = file.storyboard; name = Base; path = Base.lproj/Main.storyboard; sourceTree = "<group>"; };
		949879841CB4A69300219AD4 /* Assets.xcassets */ = {isa = PBXFileReference; lastKnownFileType = folder.assetcatalog; path = Assets.xcassets; sourceTree = "<group>"; };
		949879871CB4A69300219AD4 /* Base */ = {isa = PBXFileReference; lastKnownFileType = file.storyboard; name = Base; path = Base.lproj/LaunchScreen.storyboard; sourceTree = "<group>"; };
		949879891CB4A69300219AD4 /* Info.plist */ = {isa = PBXFileReference; lastKnownFileType = text.plist.xml; path = Info.plist; sourceTree = "<group>"; };
		9498798F1CB4A6F200219AD4 /* README.md */ = {isa = PBXFileReference; fileEncoding = 4; lastKnownFileType = net.daringfireball.markdown; path = README.md; sourceTree = "<group>"; };
		949879901CB4A6F200219AD4 /* ui.png */ = {isa = PBXFileReference; lastKnownFileType = image.png; path = ui.png; sourceTree = "<group>"; };
		94E4E0D31CB6985A0090061E /* LoginViewController.swift */ = {isa = PBXFileReference; fileEncoding = 4; lastKnownFileType = sourcecode.swift; path = LoginViewController.swift; sourceTree = "<group>"; };
		94E4E0D51CB6986E0090061E /* NewUserViewController.swift */ = {isa = PBXFileReference; fileEncoding = 4; lastKnownFileType = sourcecode.swift; path = NewUserViewController.swift; sourceTree = "<group>"; };
		94E4E0D91CB6994A0090061E /* CategoryViewController.swift */ = {isa = PBXFileReference; fileEncoding = 4; lastKnownFileType = sourcecode.swift; path = CategoryViewController.swift; sourceTree = "<group>"; };
		94E4E0DB1CB699670090061E /* PostJobViewController.swift */ = {isa = PBXFileReference; fileEncoding = 4; lastKnownFileType = sourcecode.swift; path = PostJobViewController.swift; sourceTree = "<group>"; };
		94E4E0DD1CB699AC0090061E /* JobDetailViewController.swift */ = {isa = PBXFileReference; fileEncoding = 4; lastKnownFileType = sourcecode.swift; path = JobDetailViewController.swift; sourceTree = "<group>"; };
		94E4E0DF1CB699C60090061E /* UserDetailViewController.swift */ = {isa = PBXFileReference; fileEncoding = 4; lastKnownFileType = sourcecode.swift; path = UserDetailViewController.swift; sourceTree = "<group>"; };
		94E4E0E21CB69F6F0090061E /* User.swift */ = {isa = PBXFileReference; fileEncoding = 4; lastKnownFileType = sourcecode.swift; path = User.swift; sourceTree = "<group>"; };
		94E4E0E41CB6A6240090061E /* Job.swift */ = {isa = PBXFileReference; fileEncoding = 4; lastKnownFileType = sourcecode.swift; path = Job.swift; sourceTree = "<group>"; };
		AD4CDD741C0CDCA0C78F83DD /* Pods-SwiftFinalProject.release.xcconfig */ = {isa = PBXFileReference; includeInIndex = 1; lastKnownFileType = text.xcconfig; name = "Pods-SwiftFinalProject.release.xcconfig"; path = "Pods/Target Support Files/Pods-SwiftFinalProject/Pods-SwiftFinalProject.release.xcconfig"; sourceTree = "<group>"; };
/* End PBXFileReference section */

/* Begin PBXFrameworksBuildPhase section */
		949879771CB4A69300219AD4 /* Frameworks */ = {
			isa = PBXFrameworksBuildPhase;
			buildActionMask = 2147483647;
			files = (
				04F8E8361CCB307E002A47E5 /* Social.framework in Frameworks */,
				043C5A711CBAB7BB0087A7D0 /* FBSDKShareKit.framework in Frameworks */,
				043C5A6F1CBAB7BB0087A7D0 /* FBSDKCoreKit.framework in Frameworks */,
				043C5A701CBAB7BB0087A7D0 /* FBSDKLoginKit.framework in Frameworks */,
				DFA01F2C9DC937E52ADA7062 /* Pods_SwiftFinalProject.framework in Frameworks */,
			);
			runOnlyForDeploymentPostprocessing = 0;
		};
/* End PBXFrameworksBuildPhase section */

/* Begin PBXGroup section */
		043C5A721CBAB7C20087A7D0 /* FrameWork */ = {
			isa = PBXGroup;
			children = (
				043C5A6C1CBAB7BB0087A7D0 /* FBSDKCoreKit.framework */,
				043C5A6D1CBAB7BB0087A7D0 /* FBSDKLoginKit.framework */,
				043C5A6E1CBAB7BB0087A7D0 /* FBSDKShareKit.framework */,
			);
			name = FrameWork;
			sourceTree = "<group>";
		};
		4381A32041C451F7BC9D0A75 /* Pods */ = {
			isa = PBXGroup;
			children = (
				3F958F0BD1E603FEB1A75290 /* Pods-SwiftFinalProject.debug.xcconfig */,
				AD4CDD741C0CDCA0C78F83DD /* Pods-SwiftFinalProject.release.xcconfig */,
			);
			name = Pods;
			sourceTree = "<group>";
		};
		9412D91C1CB7FDEB006049BE /* View */ = {
			isa = PBXGroup;
			children = (
				9444B5701CC413B20058B2CB /* PlayerView.swift */,
				04F8E8371CCB6BC2002A47E5 /* SCLAlertView.swift */,
				94791B851CBA89F40096E020 /* JobCollectionViewCell.swift */,
				94791B871CBA8AFB0096E020 /* CategoryTableViewCell.swift */,
			);
			name = View;
			sourceTree = "<group>";
		};
		9444B5811CC414BA0058B2CB /* Utils */ = {
			isa = PBXGroup;
			children = (
				9444B57A1CC414430058B2CB /* Constants.swift */,
				9444B5781CC413D20058B2CB /* Facebook.swift */,
				9444B57C1CC414480058B2CB /* EAVPlayer.swift */,
				9444B57E1CC4149F0058B2CB /* Card.swift */,
				9444B5721CC413B90058B2CB /* MapHelper.swift */,
			);
			name = Utils;
			sourceTree = "<group>";
		};
		9444B5821CC414DA0058B2CB /* Service */ = {
			isa = PBXGroup;
			children = (
				9444B5741CC413C00058B2CB /* JobService.swift */,
			);
			name = Service;
			sourceTree = "<group>";
		};
		949879711CB4A69200219AD4 = {
			isa = PBXGroup;
			children = (
				9498798F1CB4A6F200219AD4 /* README.md */,
				949879901CB4A6F200219AD4 /* ui.png */,
				9498797C1CB4A69300219AD4 /* SwiftFinalProject */,
				9498797B1CB4A69300219AD4 /* Products */,
				E9DD6DFD37EAEB72022C6034 /* Frameworks */,
				4381A32041C451F7BC9D0A75 /* Pods */,
			);
			sourceTree = "<group>";
		};
		9498797B1CB4A69300219AD4 /* Products */ = {
			isa = PBXGroup;
			children = (
				9498797A1CB4A69300219AD4 /* SwiftFinalProject.app */,
			);
			name = Products;
			sourceTree = "<group>";
		};
		9498797C1CB4A69300219AD4 /* SwiftFinalProject */ = {
			isa = PBXGroup;
			children = (
				043C5A721CBAB7C20087A7D0 /* FrameWork */,
				9444B5821CC414DA0058B2CB /* Service */,
				9444B5811CC414BA0058B2CB /* Utils */,
				9412D91C1CB7FDEB006049BE /* View */,
				94E4E0E11CB69F450090061E /* Modal */,
				94E4E0D21CB698250090061E /* View Controller */,
				9498797D1CB4A69300219AD4 /* AppDelegate.swift */,
				949879811CB4A69300219AD4 /* Main.storyboard */,
				949879841CB4A69300219AD4 /* Assets.xcassets */,
				949879861CB4A69300219AD4 /* LaunchScreen.storyboard */,
				949879891CB4A69300219AD4 /* Info.plist */,
				043C5A731CBAB91D0087A7D0 /* SwiftFinalProject-Bridging-Header.h */,
			);
			path = SwiftFinalProject;
			sourceTree = "<group>";
		};
		94E4E0D21CB698250090061E /* View Controller */ = {
			isa = PBXGroup;
			children = (
				947E03CF1CC4127C0081682A /* JobsViewController.swift */,
				9498797F1CB4A69300219AD4 /* WelcomeViewController.swift */,
				94E4E0D31CB6985A0090061E /* LoginViewController.swift */,
				94E4E0D51CB6986E0090061E /* NewUserViewController.swift */,
				94E4E0D91CB6994A0090061E /* CategoryViewController.swift */,
				94E4E0DB1CB699670090061E /* PostJobViewController.swift */,
				94E4E0DD1CB699AC0090061E /* JobDetailViewController.swift */,
				94E4E0DF1CB699C60090061E /* UserDetailViewController.swift */,
				94791B831CBA82B00096E020 /* RecordJobViewController.swift */,
				94791B891CBA90FD0096E020 /* ViewVideoViewController.swift */,
			);
			name = "View Controller";
			sourceTree = "<group>";
		};
		94E4E0E11CB69F450090061E /* Modal */ = {
			isa = PBXGroup;
			children = (
				2451D9931CC4FC61005923DD /* EUILabel.swift */,
				94E4E0E21CB69F6F0090061E /* User.swift */,
				94E4E0E41CB6A6240090061E /* Job.swift */,
				9444B5761CC413CB0058B2CB /* BootcampAnnotation.swift */,
			);
			name = Modal;
			sourceTree = "<group>";
		};
		E9DD6DFD37EAEB72022C6034 /* Frameworks */ = {
			isa = PBXGroup;
			children = (
				04F8E8351CCB307E002A47E5 /* Social.framework */,
				16CA3826450FD903C8E05560 /* Pods_SwiftFinalProject.framework */,
			);
			name = Frameworks;
			sourceTree = "<group>";
		};
/* End PBXGroup section */

/* Begin PBXNativeTarget section */
		949879791CB4A69300219AD4 /* SwiftFinalProject */ = {
			isa = PBXNativeTarget;
			buildConfigurationList = 9498798C1CB4A69300219AD4 /* Build configuration list for PBXNativeTarget "SwiftFinalProject" */;
			buildPhases = (
				8A4724F41757EFE744E31210 /* 📦 Check Pods Manifest.lock */,
				E29C57B49CCD2E839B7E41D7 /* Check Pods Manifest.lock */,
				949879761CB4A69300219AD4 /* Sources */,
				949879771CB4A69300219AD4 /* Frameworks */,
				949879781CB4A69300219AD4 /* Resources */,
				C0D65B609E5C15CA877FED95 /* 📦 Embed Pods Frameworks */,
				65D5E50FB7F57199D886F3CF /* 📦 Copy Pods Resources */,
				507E3AECB0C2160D3232F88A /* Embed Pods Frameworks */,
				6EB01802343AE32EE2B344EF /* Copy Pods Resources */,
			);
			buildRules = (
			);
			dependencies = (
			);
			name = SwiftFinalProject;
			productName = SwiftFinalProject;
			productReference = 9498797A1CB4A69300219AD4 /* SwiftFinalProject.app */;
			productType = "com.apple.product-type.application";
		};
/* End PBXNativeTarget section */

/* Begin PBXProject section */
		949879721CB4A69200219AD4 /* Project object */ = {
			isa = PBXProject;
			attributes = {
				LastSwiftUpdateCheck = 0730;
				LastUpgradeCheck = 0730;
				ORGANIZATIONNAME = dotRStudio;
				TargetAttributes = {
					949879791CB4A69300219AD4 = {
						CreatedOnToolsVersion = 7.3;
						DevelopmentTeam = M3984GFJZF;
					};
				};
			};
			buildConfigurationList = 949879751CB4A69200219AD4 /* Build configuration list for PBXProject "SwiftFinalProject" */;
			compatibilityVersion = "Xcode 3.2";
			developmentRegion = English;
			hasScannedForEncodings = 0;
			knownRegions = (
				en,
				Base,
			);
			mainGroup = 949879711CB4A69200219AD4;
			productRefGroup = 9498797B1CB4A69300219AD4 /* Products */;
			projectDirPath = "";
			projectRoot = "";
			targets = (
				949879791CB4A69300219AD4 /* SwiftFinalProject */,
			);
		};
/* End PBXProject section */

/* Begin PBXResourcesBuildPhase section */
		949879781CB4A69300219AD4 /* Resources */ = {
			isa = PBXResourcesBuildPhase;
			buildActionMask = 2147483647;
			files = (
				949879881CB4A69300219AD4 /* LaunchScreen.storyboard in Resources */,
				949879851CB4A69300219AD4 /* Assets.xcassets in Resources */,
				949879831CB4A69300219AD4 /* Main.storyboard in Resources */,
				949879921CB4A6F200219AD4 /* ui.png in Resources */,
			);
			runOnlyForDeploymentPostprocessing = 0;
		};
/* End PBXResourcesBuildPhase section */

/* Begin PBXShellScriptBuildPhase section */
		507E3AECB0C2160D3232F88A /* Embed Pods Frameworks */ = {
			isa = PBXShellScriptBuildPhase;
			buildActionMask = 2147483647;
			files = (
			);
			inputPaths = (
			);
			name = "Embed Pods Frameworks";
			outputPaths = (
			);
			runOnlyForDeploymentPostprocessing = 0;
			shellPath = /bin/sh;
			shellScript = "\"${SRCROOT}/Pods/Target Support Files/Pods-SwiftFinalProject/Pods-SwiftFinalProject-frameworks.sh\"\n\n";
			showEnvVarsInLog = 0;
		};
		65D5E50FB7F57199D886F3CF /* 📦 Copy Pods Resources */ = {
			isa = PBXShellScriptBuildPhase;
			buildActionMask = 2147483647;
			files = (
			);
			inputPaths = (
			);
			name = "📦 Copy Pods Resources";
			outputPaths = (
			);
			runOnlyForDeploymentPostprocessing = 0;
			shellPath = /bin/sh;
			shellScript = "\"${SRCROOT}/Pods/Target Support Files/Pods-SwiftFinalProject/Pods-SwiftFinalProject-resources.sh\"\n";
			showEnvVarsInLog = 0;
		};
		6EB01802343AE32EE2B344EF /* Copy Pods Resources */ = {
			isa = PBXShellScriptBuildPhase;
			buildActionMask = 2147483647;
			files = (
			);
			inputPaths = (
			);
			name = "Copy Pods Resources";
			outputPaths = (
			);
			runOnlyForDeploymentPostprocessing = 0;
			shellPath = /bin/sh;
			shellScript = "\"${SRCROOT}/Pods/Target Support Files/Pods-SwiftFinalProject/Pods-SwiftFinalProject-resources.sh\"\n\n";
			showEnvVarsInLog = 0;
		};
		8A4724F41757EFE744E31210 /* 📦 Check Pods Manifest.lock */ = {
			isa = PBXShellScriptBuildPhase;
			buildActionMask = 2147483647;
			files = (
			);
			inputPaths = (
			);
			name = "📦 Check Pods Manifest.lock";
			outputPaths = (
			);
			runOnlyForDeploymentPostprocessing = 0;
			shellPath = /bin/sh;
			shellScript = "diff \"${PODS_ROOT}/../Podfile.lock\" \"${PODS_ROOT}/Manifest.lock\" > /dev/null\nif [[ $? != 0 ]] ; then\n    cat << EOM\nerror: The sandbox is not in sync with the Podfile.lock. Run 'pod install' or update your CocoaPods installation.\nEOM\n    exit 1\nfi\n";
			showEnvVarsInLog = 0;
		};
		C0D65B609E5C15CA877FED95 /* 📦 Embed Pods Frameworks */ = {
			isa = PBXShellScriptBuildPhase;
			buildActionMask = 2147483647;
			files = (
			);
			inputPaths = (
			);
			name = "📦 Embed Pods Frameworks";
			outputPaths = (
			);
			runOnlyForDeploymentPostprocessing = 0;
			shellPath = /bin/sh;
			shellScript = "\"${SRCROOT}/Pods/Target Support Files/Pods-SwiftFinalProject/Pods-SwiftFinalProject-frameworks.sh\"\n";
			showEnvVarsInLog = 0;
		};
		E29C57B49CCD2E839B7E41D7 /* Check Pods Manifest.lock */ = {
			isa = PBXShellScriptBuildPhase;
			buildActionMask = 2147483647;
			files = (
			);
			inputPaths = (
			);
			name = "Check Pods Manifest.lock";
			outputPaths = (
			);
			runOnlyForDeploymentPostprocessing = 0;
			shellPath = /bin/sh;
			shellScript = "diff \"${PODS_ROOT}/../Podfile.lock\" \"${PODS_ROOT}/Manifest.lock\" > /dev/null\n\nif [[ $? != 0 ]] ; then\n\n    cat << EOM\n\nerror: The sandbox is not in sync with the Podfile.lock. Run 'pod install' or update your CocoaPods installation.\n\nEOM\n\n    exit 1\n\nfi\n\n";
			showEnvVarsInLog = 0;
		};
/* End PBXShellScriptBuildPhase section */

/* Begin PBXSourcesBuildPhase section */
		949879761CB4A69300219AD4 /* Sources */ = {
			isa = PBXSourcesBuildPhase;
			buildActionMask = 2147483647;
			files = (
				947E03D01CC4127C0081682A /* JobsViewController.swift in Sources */,
				9444B57B1CC414430058B2CB /* Constants.swift in Sources */,
				2451D9941CC4FC61005923DD /* EUILabel.swift in Sources */,
				94E4E0D41CB6985A0090061E /* LoginViewController.swift in Sources */,
				949879911CB4A6F200219AD4 /* README.md in Sources */,
				9444B5771CC413CB0058B2CB /* BootcampAnnotation.swift in Sources */,
				94E4E0DA1CB6994A0090061E /* CategoryViewController.swift in Sources */,
				9444B5711CC413B20058B2CB /* PlayerView.swift in Sources */,
				9444B57F1CC4149F0058B2CB /* Card.swift in Sources */,
				94E4E0D61CB6986E0090061E /* NewUserViewController.swift in Sources */,
				94791B881CBA8AFB0096E020 /* CategoryTableViewCell.swift in Sources */,
				949879801CB4A69300219AD4 /* WelcomeViewController.swift in Sources */,
				04F8E8381CCB6BC2002A47E5 /* SCLAlertView.swift in Sources */,
				9444B5751CC413C00058B2CB /* JobService.swift in Sources */,
				9444B5791CC413D20058B2CB /* Facebook.swift in Sources */,
				9444B57D1CC414480058B2CB /* EAVPlayer.swift in Sources */,
				94791B861CBA89F40096E020 /* JobCollectionViewCell.swift in Sources */,
				94E4E0E01CB699C60090061E /* UserDetailViewController.swift in Sources */,
				94791B8A1CBA90FD0096E020 /* ViewVideoViewController.swift in Sources */,
				94E4E0E51CB6A6240090061E /* Job.swift in Sources */,
				94E4E0DC1CB699670090061E /* PostJobViewController.swift in Sources */,
				94E4E0DE1CB699AC0090061E /* JobDetailViewController.swift in Sources */,
				9444B5731CC413B90058B2CB /* MapHelper.swift in Sources */,
				9498797E1CB4A69300219AD4 /* AppDelegate.swift in Sources */,
				94791B841CBA82B00096E020 /* RecordJobViewController.swift in Sources */,
				94E4E0E31CB69F6F0090061E /* User.swift in Sources */,
			);
			runOnlyForDeploymentPostprocessing = 0;
		};
/* End PBXSourcesBuildPhase section */

/* Begin PBXVariantGroup section */
		949879811CB4A69300219AD4 /* Main.storyboard */ = {
			isa = PBXVariantGroup;
			children = (
				949879821CB4A69300219AD4 /* Base */,
			);
			name = Main.storyboard;
			sourceTree = "<group>";
		};
		949879861CB4A69300219AD4 /* LaunchScreen.storyboard */ = {
			isa = PBXVariantGroup;
			children = (
				949879871CB4A69300219AD4 /* Base */,
			);
			name = LaunchScreen.storyboard;
			sourceTree = "<group>";
		};
/* End PBXVariantGroup section */

/* Begin XCBuildConfiguration section */
		9498798A1CB4A69300219AD4 /* Debug */ = {
			isa = XCBuildConfiguration;
			buildSettings = {
				ALWAYS_SEARCH_USER_PATHS = NO;
				CLANG_ANALYZER_NONNULL = YES;
				CLANG_CXX_LANGUAGE_STANDARD = "gnu++0x";
				CLANG_CXX_LIBRARY = "libc++";
				CLANG_ENABLE_MODULES = YES;
				CLANG_ENABLE_OBJC_ARC = YES;
				CLANG_WARN_BOOL_CONVERSION = YES;
				CLANG_WARN_CONSTANT_CONVERSION = YES;
				CLANG_WARN_DIRECT_OBJC_ISA_USAGE = YES_ERROR;
				CLANG_WARN_EMPTY_BODY = YES;
				CLANG_WARN_ENUM_CONVERSION = YES;
				CLANG_WARN_INT_CONVERSION = YES;
				CLANG_WARN_OBJC_ROOT_CLASS = YES_ERROR;
				CLANG_WARN_UNREACHABLE_CODE = YES;
				CLANG_WARN__DUPLICATE_METHOD_MATCH = YES;
				"CODE_SIGN_IDENTITY[sdk=iphoneos*]" = "iPhone Developer";
				COPY_PHASE_STRIP = NO;
				DEBUG_INFORMATION_FORMAT = dwarf;
				ENABLE_STRICT_OBJC_MSGSEND = YES;
				ENABLE_TESTABILITY = YES;
				GCC_C_LANGUAGE_STANDARD = gnu99;
				GCC_DYNAMIC_NO_PIC = NO;
				GCC_NO_COMMON_BLOCKS = YES;
				GCC_OPTIMIZATION_LEVEL = 0;
				GCC_PREPROCESSOR_DEFINITIONS = (
					"DEBUG=1",
					"$(inherited)",
				);
				GCC_WARN_64_TO_32_BIT_CONVERSION = YES;
				GCC_WARN_ABOUT_RETURN_TYPE = YES_ERROR;
				GCC_WARN_UNDECLARED_SELECTOR = YES;
				GCC_WARN_UNINITIALIZED_AUTOS = YES_AGGRESSIVE;
				GCC_WARN_UNUSED_FUNCTION = YES;
				GCC_WARN_UNUSED_VARIABLE = YES;
				IPHONEOS_DEPLOYMENT_TARGET = 9.3;
				MTL_ENABLE_DEBUG_INFO = YES;
				ONLY_ACTIVE_ARCH = YES;
				SDKROOT = iphoneos;
				SWIFT_OPTIMIZATION_LEVEL = "-Onone";
			};
			name = Debug;
		};
		9498798B1CB4A69300219AD4 /* Release */ = {
			isa = XCBuildConfiguration;
			buildSettings = {
				ALWAYS_SEARCH_USER_PATHS = NO;
				CLANG_ANALYZER_NONNULL = YES;
				CLANG_CXX_LANGUAGE_STANDARD = "gnu++0x";
				CLANG_CXX_LIBRARY = "libc++";
				CLANG_ENABLE_MODULES = YES;
				CLANG_ENABLE_OBJC_ARC = YES;
				CLANG_WARN_BOOL_CONVERSION = YES;
				CLANG_WARN_CONSTANT_CONVERSION = YES;
				CLANG_WARN_DIRECT_OBJC_ISA_USAGE = YES_ERROR;
				CLANG_WARN_EMPTY_BODY = YES;
				CLANG_WARN_ENUM_CONVERSION = YES;
				CLANG_WARN_INT_CONVERSION = YES;
				CLANG_WARN_OBJC_ROOT_CLASS = YES_ERROR;
				CLANG_WARN_UNREACHABLE_CODE = YES;
				CLANG_WARN__DUPLICATE_METHOD_MATCH = YES;
				"CODE_SIGN_IDENTITY[sdk=iphoneos*]" = "iPhone Developer";
				COPY_PHASE_STRIP = NO;
				DEBUG_INFORMATION_FORMAT = "dwarf-with-dsym";
				ENABLE_NS_ASSERTIONS = NO;
				ENABLE_STRICT_OBJC_MSGSEND = YES;
				GCC_C_LANGUAGE_STANDARD = gnu99;
				GCC_NO_COMMON_BLOCKS = YES;
				GCC_WARN_64_TO_32_BIT_CONVERSION = YES;
				GCC_WARN_ABOUT_RETURN_TYPE = YES_ERROR;
				GCC_WARN_UNDECLARED_SELECTOR = YES;
				GCC_WARN_UNINITIALIZED_AUTOS = YES_AGGRESSIVE;
				GCC_WARN_UNUSED_FUNCTION = YES;
				GCC_WARN_UNUSED_VARIABLE = YES;
				IPHONEOS_DEPLOYMENT_TARGET = 9.3;
				MTL_ENABLE_DEBUG_INFO = NO;
				SDKROOT = iphoneos;
				VALIDATE_PRODUCT = YES;
			};
			name = Release;
		};
		9498798D1CB4A69300219AD4 /* Debug */ = {
			isa = XCBuildConfiguration;
			baseConfigurationReference = 3F958F0BD1E603FEB1A75290 /* Pods-SwiftFinalProject.debug.xcconfig */;
			buildSettings = {
				ASSETCATALOG_COMPILER_APPICON_NAME = AppIcon;
				CLANG_ENABLE_MODULES = YES;
				FRAMEWORK_SEARCH_PATHS = (
					"$(inherited)",
					"$(PROJECT_DIR)/SwiftFinalProject",
				);
				INFOPLIST_FILE = SwiftFinalProject/Info.plist;
				LD_RUNPATH_SEARCH_PATHS = "$(inherited) @executable_path/Frameworks";
				PRODUCT_BUNDLE_IDENTIFIER = com.RStudio.ios.coderschool.SwiftFinalProject;
				PRODUCT_NAME = "$(TARGET_NAME)";
				SWIFT_OBJC_BRIDGING_HEADER = "SwiftFinalProject/SwiftFinalProject-Bridging-Header.h";
				SWIFT_OPTIMIZATION_LEVEL = "-Onone";
			};
			name = Debug;
		};
		9498798E1CB4A69300219AD4 /* Release */ = {
			isa = XCBuildConfiguration;
			baseConfigurationReference = AD4CDD741C0CDCA0C78F83DD /* Pods-SwiftFinalProject.release.xcconfig */;
			buildSettings = {
				ASSETCATALOG_COMPILER_APPICON_NAME = AppIcon;
				CLANG_ENABLE_MODULES = YES;
				FRAMEWORK_SEARCH_PATHS = (
					"$(inherited)",
					"$(PROJECT_DIR)/SwiftFinalProject",
				);
				INFOPLIST_FILE = SwiftFinalProject/Info.plist;
				LD_RUNPATH_SEARCH_PATHS = "$(inherited) @executable_path/Frameworks";
				PRODUCT_BUNDLE_IDENTIFIER = com.RStudio.ios.coderschool.SwiftFinalProject;
				PRODUCT_NAME = "$(TARGET_NAME)";
				SWIFT_OBJC_BRIDGING_HEADER = "SwiftFinalProject/SwiftFinalProject-Bridging-Header.h";
			};
			name = Release;
		};
/* End XCBuildConfiguration section */

/* Begin XCConfigurationList section */
		949879751CB4A69200219AD4 /* Build configuration list for PBXProject "SwiftFinalProject" */ = {
			isa = XCConfigurationList;
			buildConfigurations = (
				9498798A1CB4A69300219AD4 /* Debug */,
				9498798B1CB4A69300219AD4 /* Release */,
			);
			defaultConfigurationIsVisible = 0;
			defaultConfigurationName = Release;
		};
		9498798C1CB4A69300219AD4 /* Build configuration list for PBXNativeTarget "SwiftFinalProject" */ = {
			isa = XCConfigurationList;
			buildConfigurations = (
				9498798D1CB4A69300219AD4 /* Debug */,
				9498798E1CB4A69300219AD4 /* Release */,
			);
			defaultConfigurationIsVisible = 0;
			defaultConfigurationName = Release;
		};
/* End XCConfigurationList section */
	};
	rootObject = 949879721CB4A69200219AD4 /* Project object */;
}
