// !$*UTF8*$!
{
	archiveVersion = 1;
	classes = {
	};
	objectVersion = 46;
	objects = {

/* Begin PBXBuildFile section */
		9498797E1CB4A69300219AD4 /* AppDelegate.swift in Sources */ = {isa = PBXBuildFile; fileRef = 9498797D1CB4A69300219AD4 /* AppDelegate.swift */; };
		949879801CB4A69300219AD4 /* ViewController.swift in Sources */ = {isa = PBXBuildFile; fileRef = 9498797F1CB4A69300219AD4 /* ViewController.swift */; };
		949879831CB4A69300219AD4 /* Main.storyboard in Resources */ = {isa = PBXBuildFile; fileRef = 949879811CB4A69300219AD4 /* Main.storyboard */; };
		949879851CB4A69300219AD4 /* Assets.xcassets in Resources */ = {isa = PBXBuildFile; fileRef = 949879841CB4A69300219AD4 /* Assets.xcassets */; };
		949879881CB4A69300219AD4 /* LaunchScreen.storyboard in Resources */ = {isa = PBXBuildFile; fileRef = 949879861CB4A69300219AD4 /* LaunchScreen.storyboard */; };
/* End PBXBuildFile section */

/* Begin PBXFileReference section */
		9498797A1CB4A69300219AD4 /* SwiftFinalProject.app */ = {isa = PBXFileReference; explicitFileType = wrapper.application; includeInIndex = 0; path = SwiftFinalProject.app; sourceTree = BUILT_PRODUCTS_DIR; };
		9498797D1CB4A69300219AD4 /* AppDelegate.swift */ = {isa = PBXFileReference; lastKnownFileType = sourcecode.swift; path = AppDelegate.swift; sourceTree = "<group>"; };
		9498797F1CB4A69300219AD4 /* ViewController.swift */ = {isa = PBXFileReference; lastKnownFileType = sourcecode.swift; path = ViewController.swift; sourceTree = "<group>"; };
		949879821CB4A69300219AD4 /* Base */ = {isa = PBXFileReference; lastKnownFileType = file.storyboard; name = Base; path = Base.lproj/Main.storyboard; sourceTree = "<group>"; };
		949879841CB4A69300219AD4 /* Assets.xcassets */ = {isa = PBXFileReference; lastKnownFileType = folder.assetcatalog; path = Assets.xcassets; sourceTree = "<group>"; };
		949879871CB4A69300219AD4 /* Base */ = {isa = PBXFileReference; lastKnownFileType = file.storyboard; name = Base; path = Base.lproj/LaunchScreen.storyboard; sourceTree = "<group>"; };
		949879891CB4A69300219AD4 /* Info.plist */ = {isa = PBXFileReference; lastKnownFileType = text.plist.xml; path = Info.plist; sourceTree = "<group>"; };
/* End PBXFileReference section */

/* Begin PBXFrameworksBuildPhase section */
		949879771CB4A69300219AD4 /* Frameworks */ = {
			isa = PBXFrameworksBuildPhase;
			buildActionMask = 2147483647;
			files = (
			);
			runOnlyForDeploymentPostprocessing = 0;
		};
/* End PBXFrameworksBuildPhase section */

/* Begin PBXGroup section */
		949879711CB4A69200219AD4 = {
			isa = PBXGroup;
			children = (
				9498797C1CB4A69300219AD4 /* SwiftFinalProject */,
				9498797B1CB4A69300219AD4 /* Products */,
			);
			sourceTree = "<group>";
		};
		9498797B1CB4A69300219AD4 /* Products */ = {
			isa = PBXGroup;
			children = (
				9498797A1CB4A69300219AD4 /* SwiftFinalProject.app */,
			);
			name = Products;
			sourceTree = "<group>";
		};
		9498797C1CB4A69300219AD4 /* SwiftFinalProject */ = {
			isa = PBXGroup;
			children = (
				9498797D1CB4A69300219AD4 /* AppDelegate.swift */,
				9498797F1CB4A69300219AD4 /* ViewController.swift */,
				949879811CB4A69300219AD4 /* Main.storyboard */,
				949879841CB4A69300219AD4 /* Assets.xcassets */,
				949879861CB4A69300219AD4 /* LaunchScreen.storyboard */,
				949879891CB4A69300219AD4 /* Info.plist */,
			);
			path = SwiftFinalProject;
			sourceTree = "<group>";
		};
/* End PBXGroup section */

/* Begin PBXNativeTarget section */
		949879791CB4A69300219AD4 /* SwiftFinalProject */ = {
			isa = PBXNativeTarget;
			buildConfigurationList = 9498798C1CB4A69300219AD4 /* Build configuration list for PBXNativeTarget "SwiftFinalProject" */;
			buildPhases = (
				949879761CB4A69300219AD4 /* Sources */,
				949879771CB4A69300219AD4 /* Frameworks */,
				949879781CB4A69300219AD4 /* Resources */,
			);
			buildRules = (
			);
			dependencies = (
			);
			name = SwiftFinalProject;
			productName = SwiftFinalProject;
			productReference = 9498797A1CB4A69300219AD4 /* SwiftFinalProject.app */;
			productType = "com.apple.product-type.application";
		};
/* End PBXNativeTarget section */

/* Begin PBXProject section */
		949879721CB4A69200219AD4 /* Project object */ = {
			isa = PBXProject;
			attributes = {
				LastSwiftUpdateCheck = 0730;
				LastUpgradeCheck = 0730;
				ORGANIZATIONNAME = dotRStudio;
				TargetAttributes = {
					949879791CB4A69300219AD4 = {
						CreatedOnToolsVersion = 7.3;
						DevelopmentTeam = M3984GFJZF;
					};
				};
			};
			buildConfigurationList = 949879751CB4A69200219AD4 /* Build configuration list for PBXProject "SwiftFinalProject" */;
			compatibilityVersion = "Xcode 3.2";
			developmentRegion = English;
			hasScannedForEncodings = 0;
			knownRegions = (
				en,
				Base,
			);
			mainGroup = 949879711CB4A69200219AD4;
			productRefGroup = 9498797B1CB4A69300219AD4 /* Products */;
			projectDirPath = "";
			projectRoot = "";
			targets = (
				949879791CB4A69300219AD4 /* SwiftFinalProject */,
			);
		};
/* End PBXProject section */

/* Begin PBXResourcesBuildPhase section */
		949879781CB4A69300219AD4 /* Resources */ = {
			isa = PBXResourcesBuildPhase;
			buildActionMask = 2147483647;
			files = (
				949879881CB4A69300219AD4 /* LaunchScreen.storyboard in Resources */,
				949879851CB4A69300219AD4 /* Assets.xcassets in Resources */,
				949879831CB4A69300219AD4 /* Main.storyboard in Resources */,
			);
			runOnlyForDeploymentPostprocessing = 0;
		};
/* End PBXResourcesBuildPhase section */

/* Begin PBXSourcesBuildPhase section */
		949879761CB4A69300219AD4 /* Sources */ = {
			isa = PBXSourcesBuildPhase;
			buildActionMask = 2147483647;
			files = (
				949879801CB4A69300219AD4 /* ViewController.swift in Sources */,
				9498797E1CB4A69300219AD4 /* AppDelegate.swift in Sources */,
			);
			runOnlyForDeploymentPostprocessing = 0;
		};
/* End PBXSourcesBuildPhase section */

/* Begin PBXVariantGroup section */
		949879811CB4A69300219AD4 /* Main.storyboard */ = {
			isa = PBXVariantGroup;
			children = (
				949879821CB4A69300219AD4 /* Base */,
			);
			name = Main.storyboard;
			sourceTree = "<group>";
		};
		949879861CB4A69300219AD4 /* LaunchScreen.storyboard */ = {
			isa = PBXVariantGroup;
			children = (
				949879871CB4A69300219AD4 /* Base */,
			);
			name = LaunchScreen.storyboard;
			sourceTree = "<group>";
		};
/* End PBXVariantGroup section */

/* Begin XCBuildConfiguration section */
		9498798A1CB4A69300219AD4 /* Debug */ = {
			isa = XCBuildConfiguration;
			buildSettings = {
				ALWAYS_SEARCH_USER_PATHS = NO;
				CLANG_ANALYZER_NONNULL = YES;
				CLANG_CXX_LANGUAGE_STANDARD = "gnu++0x";
				CLANG_CXX_LIBRARY = "libc++";
				CLANG_ENABLE_MODULES = YES;
				CLANG_ENABLE_OBJC_ARC = YES;
				CLANG_WARN_BOOL_CONVERSION = YES;
				CLANG_WARN_CONSTANT_CONVERSION = YES;
				CLANG_WARN_DIRECT_OBJC_ISA_USAGE = YES_ERROR;
				CLANG_WARN_EMPTY_BODY = YES;
				CLANG_WARN_ENUM_CONVERSION = YES;
				CLANG_WARN_INT_CONVERSION = YES;
				CLANG_WARN_OBJC_ROOT_CLASS = YES_ERROR;
				CLANG_WARN_UNREACHABLE_CODE = YES;
				CLANG_WARN__DUPLICATE_METHOD_MATCH = YES;
				"CODE_SIGN_IDENTITY[sdk=iphoneos*]" = "iPhone Developer";
				COPY_PHASE_STRIP = NO;
				DEBUG_INFORMATION_FORMAT = dwarf;
				ENABLE_STRICT_OBJC_MSGSEND = YES;
				ENABLE_TESTABILITY = YES;
				GCC_C_LANGUAGE_STANDARD = gnu99;
				GCC_DYNAMIC_NO_PIC = NO;
				GCC_NO_COMMON_BLOCKS = YES;
				GCC_OPTIMIZATION_LEVEL = 0;
				GCC_PREPROCESSOR_DEFINITIONS = (
					"DEBUG=1",
					"$(inherited)",
				);
				GCC_WARN_64_TO_32_BIT_CONVERSION = YES;
				GCC_WARN_ABOUT_RETURN_TYPE = YES_ERROR;
				GCC_WARN_UNDECLARED_SELECTOR = YES;
				GCC_WARN_UNINITIALIZED_AUTOS = YES_AGGRESSIVE;
				GCC_WARN_UNUSED_FUNCTION = YES;
				GCC_WARN_UNUSED_VARIABLE = YES;
				IPHONEOS_DEPLOYMENT_TARGET = 9.3;
				MTL_ENABLE_DEBUG_INFO = YES;
				ONLY_ACTIVE_ARCH = YES;
				SDKROOT = iphoneos;
				SWIFT_OPTIMIZATION_LEVEL = "-Onone";
			};
			name = Debug;
		};
		9498798B1CB4A69300219AD4 /* Release */ = {
			isa = XCBuildConfiguration;
			buildSettings = {
				ALWAYS_SEARCH_USER_PATHS = NO;
				CLANG_ANALYZER_NONNULL = YES;
				CLANG_CXX_LANGUAGE_STANDARD = "gnu++0x";
				CLANG_CXX_LIBRARY = "libc++";
				CLANG_ENABLE_MODULES = YES;
				CLANG_ENABLE_OBJC_ARC = YES;
				CLANG_WARN_BOOL_CONVERSION = YES;
				CLANG_WARN_CONSTANT_CONVERSION = YES;
				CLANG_WARN_DIRECT_OBJC_ISA_USAGE = YES_ERROR;
				CLANG_WARN_EMPTY_BODY = YES;
				CLANG_WARN_ENUM_CONVERSION = YES;
				CLANG_WARN_INT_CONVERSION = YES;
				CLANG_WARN_OBJC_ROOT_CLASS = YES_ERROR;
				CLANG_WARN_UNREACHABLE_CODE = YES;
				CLANG_WARN__DUPLICATE_METHOD_MATCH = YES;
				"CODE_SIGN_IDENTITY[sdk=iphoneos*]" = "iPhone Developer";
				COPY_PHASE_STRIP = NO;
				DEBUG_INFORMATION_FORMAT = "dwarf-with-dsym";
				ENABLE_NS_ASSERTIONS = NO;
				ENABLE_STRICT_OBJC_MSGSEND = YES;
				GCC_C_LANGUAGE_STANDARD = gnu99;
				GCC_NO_COMMON_BLOCKS = YES;
				GCC_WARN_64_TO_32_BIT_CONVERSION = YES;
				GCC_WARN_ABOUT_RETURN_TYPE = YES_ERROR;
				GCC_WARN_UNDECLARED_SELECTOR = YES;
				GCC_WARN_UNINITIALIZED_AUTOS = YES_AGGRESSIVE;
				GCC_WARN_UNUSED_FUNCTION = YES;
				GCC_WARN_UNUSED_VARIABLE = YES;
				IPHONEOS_DEPLOYMENT_TARGET = 9.3;
				MTL_ENABLE_DEBUG_INFO = NO;
				SDKROOT = iphoneos;
				VALIDATE_PRODUCT = YES;
			};
			name = Release;
		};
		9498798D1CB4A69300219AD4 /* Debug */ = {
			isa = XCBuildConfiguration;
			buildSettings = {
				ASSETCATALOG_COMPILER_APPICON_NAME = AppIcon;
				INFOPLIST_FILE = SwiftFinalProject/Info.plist;
				LD_RUNPATH_SEARCH_PATHS = "$(inherited) @executable_path/Frameworks";
				PRODUCT_BUNDLE_IDENTIFIER = com.RStudio.ios.coderschool.SwiftFinalProject;
				PRODUCT_NAME = "$(TARGET_NAME)";
			};
			name = Debug;
		};
		9498798E1CB4A69300219AD4 /* Release */ = {
			isa = XCBuildConfiguration;
			buildSettings = {
				ASSETCATALOG_COMPILER_APPICON_NAME = AppIcon;
				INFOPLIST_FILE = SwiftFinalProject/Info.plist;
				LD_RUNPATH_SEARCH_PATHS = "$(inherited) @executable_path/Frameworks";
				PRODUCT_BUNDLE_IDENTIFIER = com.RStudio.ios.coderschool.SwiftFinalProject;
				PRODUCT_NAME = "$(TARGET_NAME)";
			};
			name = Release;
		};
/* End XCBuildConfiguration section */

/* Begin XCConfigurationList section */
		949879751CB4A69200219AD4 /* Build configuration list for PBXProject "SwiftFinalProject" */ = {
			isa = XCConfigurationList;
			buildConfigurations = (
				9498798A1CB4A69300219AD4 /* Debug */,
				9498798B1CB4A69300219AD4 /* Release */,
			);
			defaultConfigurationIsVisible = 0;
			defaultConfigurationName = Release;
		};
		9498798C1CB4A69300219AD4 /* Build configuration list for PBXNativeTarget "SwiftFinalProject" */ = {
			isa = XCConfigurationList;
			buildConfigurations = (
				9498798D1CB4A69300219AD4 /* Debug */,
				9498798E1CB4A69300219AD4 /* Release */,
			);
			defaultConfigurationIsVisible = 0;
		};
/* End XCConfigurationList section */
	};
	rootObject = 949879721CB4A69200219AD4 /* Project object */;
}
